
Microsoft Visual Studio Solution File, Format Version 12.00
# Visual Studio Version 16
VisualStudioVersion = 16.0.31424.327
MinimumVisualStudioVersion = 10.0.40219.1
Project("{FAE04EC0-301F-11D3-BF4B-00C04F79EFBC}") = "MyWebApi", "MyWebApi\MyWebApi.csproj", "{38EF1650-D9BC-4DBB-B151-58004D8EEA0A}"
EndProject
Global
	GlobalSection(SolutionConfigurationPlatforms) = preSolution
		Debug|Any CPU = Debug|Any CPU
		Release|Any CPU = Release|Any CPU
	EndGlobalSection
	GlobalSection(ProjectConfigurationPlatforms) = postSolution
		{38EF1650-D9BC-4DBB-B151-58004D8EEA0A}.Debug|Any CPU.ActiveCfg = Debug|Any CPU
		{38EF1650-D9BC-4DBB-B151-58004D8EEA0A}.Debug|Any CPU.Build.0 = Debug|Any CPU
		{38EF1650-D9BC-4DBB-B151-58004D8EEA0A}.Release|Any CPU.ActiveCfg = Release|Any CPU
		{38EF1650-D9BC-4DBB-B151-58004D8EEA0A}.Release|Any CPU.Build.0 = Release|Any CPU
	EndGlobalSection
	GlobalSection(SolutionProperties) = preSolution
		HideSolutionNode = FALSE
	EndGlobalSection
	GlobalSection(ExtensibilityGlobals) = postSolution
		SolutionGuid = {76DD75AC-7711-4D1A-B8E1-178021344321}
	EndGlobalSection
EndGlobal
